
Microsoft Visual Studio Solution File, Format Version 12.00
# Visual Studio Version 17
VisualStudioVersion = 17.7.34031.279
MinimumVisualStudioVersion = 10.0.40219.1
Project("{FAE04EC0-301F-11D3-BF4B-00C04F79EFBC}") = "OnlineCinemaManagement", "OnlineCinemaManagement\OnlineCinemaManagement.csproj", "{2FCFDDD2-68DD-455A-80A0-DBC406974AF2}"
EndProject
Project("{FAE04EC0-301F-11D3-BF4B-00C04F79EFBC}") = "DataEntity", "DataEntity\DataEntity.csproj", "{A0A1F90A-4F72-4627-8395-B159F582DE15}"
EndProject
Project("{FAE04EC0-301F-11D3-BF4B-00C04F79EFBC}") = "CinemaClient", "CinemaClient\CinemaClient.csproj", "{3563286F-A6BE-4E5D-9FA1-5DBB92C86FA7}"
EndProject
Global
	GlobalSection(SolutionConfigurationPlatforms) = preSolution
		Debug|Any CPU = Debug|Any CPU
		Release|Any CPU = Release|Any CPU
	EndGlobalSection
	GlobalSection(ProjectConfigurationPlatforms) = postSolution
		{2FCFDDD2-68DD-455A-80A0-DBC406974AF2}.Debug|Any CPU.ActiveCfg = Debug|Any CPU
		{2FCFDDD2-68DD-455A-80A0-DBC406974AF2}.Debug|Any CPU.Build.0 = Debug|Any CPU
		{2FCFDDD2-68DD-455A-80A0-DBC406974AF2}.Release|Any CPU.ActiveCfg = Release|Any CPU
		{2FCFDDD2-68DD-455A-80A0-DBC406974AF2}.Release|Any CPU.Build.0 = Release|Any CPU
		{A0A1F90A-4F72-4627-8395-B159F582DE15}.Debug|Any CPU.ActiveCfg = Debug|Any CPU
		{A0A1F90A-4F72-4627-8395-B159F582DE15}.Debug|Any CPU.Build.0 = Debug|Any CPU
		{A0A1F90A-4F72-4627-8395-B159F582DE15}.Release|Any CPU.ActiveCfg = Release|Any CPU
		{A0A1F90A-4F72-4627-8395-B159F582DE15}.Release|Any CPU.Build.0 = Release|Any CPU
		{3563286F-A6BE-4E5D-9FA1-5DBB92C86FA7}.Debug|Any CPU.ActiveCfg = Debug|Any CPU
		{3563286F-A6BE-4E5D-9FA1-5DBB92C86FA7}.Debug|Any CPU.Build.0 = Debug|Any CPU
		{3563286F-A6BE-4E5D-9FA1-5DBB92C86FA7}.Release|Any CPU.ActiveCfg = Release|Any CPU
		{3563286F-A6BE-4E5D-9FA1-5DBB92C86FA7}.Release|Any CPU.Build.0 = Release|Any CPU
	EndGlobalSection
	GlobalSection(SolutionProperties) = preSolution
		HideSolutionNode = FALSE
	EndGlobalSection
	GlobalSection(ExtensibilityGlobals) = postSolution
		SolutionGuid = {C7014CB1-B522-4F08-95A0-F5540817FD7F}
	EndGlobalSection
EndGlobal
