
Microsoft Visual Studio Solution File, Format Version 12.00
# Visual Studio Version 17
VisualStudioVersion = 17.7.34031.279
MinimumVisualStudioVersion = 10.0.40219.1
Project("{FAE04EC0-301F-11D3-BF4B-00C04F79EFBC}") = "FinalAPI", "FinalAPI\FinalAPI.csproj", "{622140D9-4E62-4EB6-BC23-6183928BBDAE}"
EndProject
Project("{FAE04EC0-301F-11D3-BF4B-00C04F79EFBC}") = "Application", "Application\Application.csproj", "{6541E182-3191-4BF0-8BBB-CF8888CF3A96}"
EndProject
Project("{FAE04EC0-301F-11D3-BF4B-00C04F79EFBC}") = "Domain", "Domain\Domain.csproj", "{44296BA6-5C9B-4CCA-B681-E97CCE4C2D36}"
EndProject
Project("{FAE04EC0-301F-11D3-BF4B-00C04F79EFBC}") = "Infrastructure", "Infrastructure\Infrastructure.csproj", "{4FD66A26-594E-473B-A15A-C3E976633701}"
EndProject
Global
	GlobalSection(SolutionConfigurationPlatforms) = preSolution
		Debug|Any CPU = Debug|Any CPU
		Release|Any CPU = Release|Any CPU
	EndGlobalSection
	GlobalSection(ProjectConfigurationPlatforms) = postSolution
		{622140D9-4E62-4EB6-BC23-6183928BBDAE}.Debug|Any CPU.ActiveCfg = Debug|Any CPU
		{622140D9-4E62-4EB6-BC23-6183928BBDAE}.Debug|Any CPU.Build.0 = Debug|Any CPU
		{622140D9-4E62-4EB6-BC23-6183928BBDAE}.Release|Any CPU.ActiveCfg = Release|Any CPU
		{622140D9-4E62-4EB6-BC23-6183928BBDAE}.Release|Any CPU.Build.0 = Release|Any CPU
		{6541E182-3191-4BF0-8BBB-CF8888CF3A96}.Debug|Any CPU.ActiveCfg = Debug|Any CPU
		{6541E182-3191-4BF0-8BBB-CF8888CF3A96}.Debug|Any CPU.Build.0 = Debug|Any CPU
		{6541E182-3191-4BF0-8BBB-CF8888CF3A96}.Release|Any CPU.ActiveCfg = Release|Any CPU
		{6541E182-3191-4BF0-8BBB-CF8888CF3A96}.Release|Any CPU.Build.0 = Release|Any CPU
		{44296BA6-5C9B-4CCA-B681-E97CCE4C2D36}.Debug|Any CPU.ActiveCfg = Debug|Any CPU
		{44296BA6-5C9B-4CCA-B681-E97CCE4C2D36}.Debug|Any CPU.Build.0 = Debug|Any CPU
		{44296BA6-5C9B-4CCA-B681-E97CCE4C2D36}.Release|Any CPU.ActiveCfg = Release|Any CPU
		{44296BA6-5C9B-4CCA-B681-E97CCE4C2D36}.Release|Any CPU.Build.0 = Release|Any CPU
		{4FD66A26-594E-473B-A15A-C3E976633701}.Debug|Any CPU.ActiveCfg = Debug|Any CPU
		{4FD66A26-594E-473B-A15A-C3E976633701}.Debug|Any CPU.Build.0 = Debug|Any CPU
		{4FD66A26-594E-473B-A15A-C3E976633701}.Release|Any CPU.ActiveCfg = Release|Any CPU
		{4FD66A26-594E-473B-A15A-C3E976633701}.Release|Any CPU.Build.0 = Release|Any CPU
	EndGlobalSection
	GlobalSection(SolutionProperties) = preSolution
		HideSolutionNode = FALSE
	EndGlobalSection
	GlobalSection(ExtensibilityGlobals) = postSolution
		SolutionGuid = {A238F488-EAFA-4A50-A4C8-5018AD6A9127}
	EndGlobalSection
EndGlobal
